
Microsoft Visual Studio Solution File, Format Version 12.00
# Visual Studio Version 16
VisualStudioVersion = 16.0.32106.194
MinimumVisualStudioVersion = 10.0.40219.1
Project("{FAE04EC0-301F-11D3-BF4B-00C04F79EFBC}") = "Ejercicio Herencia", "Ejercicio Herencia\Ejercicio Herencia.csproj", "{44ABC7B1-6F99-4A23-9BBE-F25BE8FF90D9}"
EndProject
Global
	GlobalSection(SolutionConfigurationPlatforms) = preSolution
		Debug|Any CPU = Debug|Any CPU
		Release|Any CPU = Release|Any CPU
	EndGlobalSection
	GlobalSection(ProjectConfigurationPlatforms) = postSolution
		{44ABC7B1-6F99-4A23-9BBE-F25BE8FF90D9}.Debug|Any CPU.ActiveCfg = Debug|Any CPU
		{44ABC7B1-6F99-4A23-9BBE-F25BE8FF90D9}.Debug|Any CPU.Build.0 = Debug|Any CPU
		{44ABC7B1-6F99-4A23-9BBE-F25BE8FF90D9}.Release|Any CPU.ActiveCfg = Release|Any CPU
		{44ABC7B1-6F99-4A23-9BBE-F25BE8FF90D9}.Release|Any CPU.Build.0 = Release|Any CPU
	EndGlobalSection
	GlobalSection(SolutionProperties) = preSolution
		HideSolutionNode = FALSE
	EndGlobalSection
	GlobalSection(ExtensibilityGlobals) = postSolution
		SolutionGuid = {01B25779-8C7F-4732-B940-3BDC492DDF58}
	EndGlobalSection
EndGlobal
